
Microsoft Visual Studio Solution File, Format Version 12.00
# Visual Studio Version 16
VisualStudioVersion = 16.0.29009.5
MinimumVisualStudioVersion = 10.0.40219.1
Project("{FAE04EC0-301F-11D3-BF4B-00C04F79EFBC}") = "COMP123-S2019-Lesson10B", "COMP123-S2019-Lesson10B\COMP123-S2019-Lesson10B.csproj", "{5C3979BE-ABF7-4230-BE6F-A2C58D3C1897}"
EndProject
Global
	GlobalSection(SolutionConfigurationPlatforms) = preSolution
		Debug|Any CPU = Debug|Any CPU
		Release|Any CPU = Release|Any CPU
	EndGlobalSection
	GlobalSection(ProjectConfigurationPlatforms) = postSolution
		{5C3979BE-ABF7-4230-BE6F-A2C58D3C1897}.Debug|Any CPU.ActiveCfg = Debug|Any CPU
		{5C3979BE-ABF7-4230-BE6F-A2C58D3C1897}.Debug|Any CPU.Build.0 = Debug|Any CPU
		{5C3979BE-ABF7-4230-BE6F-A2C58D3C1897}.Release|Any CPU.ActiveCfg = Release|Any CPU
		{5C3979BE-ABF7-4230-BE6F-A2C58D3C1897}.Release|Any CPU.Build.0 = Release|Any CPU
	EndGlobalSection
	GlobalSection(SolutionProperties) = preSolution
		HideSolutionNode = FALSE
	EndGlobalSection
	GlobalSection(ExtensibilityGlobals) = postSolution
		SolutionGuid = {4DB5E006-3142-4D0F-A2B6-3835DDED2010}
	EndGlobalSection
EndGlobal
